// !$*UTF8*$!
{
	archiveVersion = 1;
	classes = {
	};
	objectVersion = 55;
	objects = {

/* Begin PBXBuildFile section */
		3623CAC828EE5B6E0010DD10 /* Assig07-Prog01.cpp in Sources */ = {isa = PBXBuildFile; fileRef = 3623CAC728EE5B6E0010DD10 /* Assig07-Prog01.cpp */; };
		3623CAD528EE62770010DD10 /* Assign07-Prog02.cpp in Sources */ = {isa = PBXBuildFile; fileRef = 3623CAD428EE62770010DD10 /* Assign07-Prog02.cpp */; };
		3623CAE028EE6F400010DD10 /* Assig07-Prog03.cpp in Sources */ = {isa = PBXBuildFile; fileRef = 3623CADF28EE6F400010DD10 /* Assig07-Prog03.cpp */; };
		3623CAEB28EE799E0010DD10 /* Assig07-Prog04.cpp in Sources */ = {isa = PBXBuildFile; fileRef = 3623CAEA28EE799E0010DD10 /* Assig07-Prog04.cpp */; };
/* End PBXBuildFile section */

/* Begin PBXCopyFilesBuildPhase section */
		3623CAC228EE5B6E0010DD10 /* CopyFiles */ = {
			isa = PBXCopyFilesBuildPhase;
			buildActionMask = 2147483647;
			dstPath = /usr/share/man/man1/;
			dstSubfolderSpec = 0;
			files = (
			);
			runOnlyForDeploymentPostprocessing = 1;
		};
		3623CAD028EE62770010DD10 /* CopyFiles */ = {
			isa = PBXCopyFilesBuildPhase;
			buildActionMask = 2147483647;
			dstPath = /usr/share/man/man1/;
			dstSubfolderSpec = 0;
			files = (
			);
			runOnlyForDeploymentPostprocessing = 1;
		};
		3623CADB28EE6F400010DD10 /* CopyFiles */ = {
			isa = PBXCopyFilesBuildPhase;
			buildActionMask = 2147483647;
			dstPath = /usr/share/man/man1/;
			dstSubfolderSpec = 0;
			files = (
			);
			runOnlyForDeploymentPostprocessing = 1;
		};
		3623CAE628EE799E0010DD10 /* CopyFiles */ = {
			isa = PBXCopyFilesBuildPhase;
			buildActionMask = 2147483647;
			dstPath = /usr/share/man/man1/;
			dstSubfolderSpec = 0;
			files = (
			);
			runOnlyForDeploymentPostprocessing = 1;
		};
/* End PBXCopyFilesBuildPhase section */

/* Begin PBXFileReference section */
		3623CAC428EE5B6E0010DD10 /* Assignment07 */ = {isa = PBXFileReference; explicitFileType = "compiled.mach-o.executable"; includeInIndex = 0; path = Assignment07; sourceTree = BUILT_PRODUCTS_DIR; };
		3623CAC728EE5B6E0010DD10 /* Assig07-Prog01.cpp */ = {isa = PBXFileReference; lastKnownFileType = sourcecode.cpp.cpp; path = "Assig07-Prog01.cpp"; sourceTree = "<group>"; };
		3623CAD228EE62770010DD10 /* Assign07-Prog02 */ = {isa = PBXFileReference; explicitFileType = "compiled.mach-o.executable"; includeInIndex = 0; path = "Assign07-Prog02"; sourceTree = BUILT_PRODUCTS_DIR; };
		3623CAD428EE62770010DD10 /* Assign07-Prog02.cpp */ = {isa = PBXFileReference; lastKnownFileType = sourcecode.cpp.cpp; path = "Assign07-Prog02.cpp"; sourceTree = "<group>"; };
		3623CADD28EE6F400010DD10 /* Assig07-Prog03 */ = {isa = PBXFileReference; explicitFileType = "compiled.mach-o.executable"; includeInIndex = 0; path = "Assig07-Prog03"; sourceTree = BUILT_PRODUCTS_DIR; };
		3623CADF28EE6F400010DD10 /* Assig07-Prog03.cpp */ = {isa = PBXFileReference; lastKnownFileType = sourcecode.cpp.cpp; path = "Assig07-Prog03.cpp"; sourceTree = "<group>"; };
		3623CAE828EE799E0010DD10 /* Assig07-Prog04 */ = {isa = PBXFileReference; explicitFileType = "compiled.mach-o.executable"; includeInIndex = 0; path = "Assig07-Prog04"; sourceTree = BUILT_PRODUCTS_DIR; };
		3623CAEA28EE799E0010DD10 /* Assig07-Prog04.cpp */ = {isa = PBXFileReference; lastKnownFileType = sourcecode.cpp.cpp; path = "Assig07-Prog04.cpp"; sourceTree = "<group>"; };
/* End PBXFileReference section */

/* Begin PBXFrameworksBuildPhase section */
		3623CAC128EE5B6E0010DD10 /* Frameworks */ = {
			isa = PBXFrameworksBuildPhase;
			buildActionMask = 2147483647;
			files = (
			);
			runOnlyForDeploymentPostprocessing = 0;
		};
		3623CACF28EE62770010DD10 /* Frameworks */ = {
			isa = PBXFrameworksBuildPhase;
			buildActionMask = 2147483647;
			files = (
			);
			runOnlyForDeploymentPostprocessing = 0;
		};
		3623CADA28EE6F400010DD10 /* Frameworks */ = {
			isa = PBXFrameworksBuildPhase;
			buildActionMask = 2147483647;
			files = (
			);
			runOnlyForDeploymentPostprocessing = 0;
		};
		3623CAE528EE799E0010DD10 /* Frameworks */ = {
			isa = PBXFrameworksBuildPhase;
			buildActionMask = 2147483647;
			files = (
			);
			runOnlyForDeploymentPostprocessing = 0;
		};
/* End PBXFrameworksBuildPhase section */

/* Begin PBXGroup section */
		3623CABB28EE5B6E0010DD10 = {
			isa = PBXGroup;
			children = (
				3623CAC628EE5B6E0010DD10 /* Assig07-Prog01 */,
				3623CAD328EE62770010DD10 /* Assign07-Prog02 */,
				3623CADE28EE6F400010DD10 /* Assig07-Prog03 */,
				3623CAE928EE799E0010DD10 /* Assig07-Prog04 */,
				3623CAC528EE5B6E0010DD10 /* Products */,
			);
			sourceTree = "<group>";
		};
		3623CAC528EE5B6E0010DD10 /* Products */ = {
			isa = PBXGroup;
			children = (
				3623CAC428EE5B6E0010DD10 /* Assignment07 */,
				3623CAD228EE62770010DD10 /* Assign07-Prog02 */,
				3623CADD28EE6F400010DD10 /* Assig07-Prog03 */,
				3623CAE828EE799E0010DD10 /* Assig07-Prog04 */,
			);
			name = Products;
			sourceTree = "<group>";
		};
		3623CAC628EE5B6E0010DD10 /* Assig07-Prog01 */ = {
			isa = PBXGroup;
			children = (
				3623CAC728EE5B6E0010DD10 /* Assig07-Prog01.cpp */,
			);
			path = "Assig07-Prog01";
			sourceTree = "<group>";
		};
		3623CAD328EE62770010DD10 /* Assign07-Prog02 */ = {
			isa = PBXGroup;
			children = (
				3623CAD428EE62770010DD10 /* Assign07-Prog02.cpp */,
			);
			path = "Assign07-Prog02";
			sourceTree = "<group>";
		};
		3623CADE28EE6F400010DD10 /* Assig07-Prog03 */ = {
			isa = PBXGroup;
			children = (
				3623CADF28EE6F400010DD10 /* Assig07-Prog03.cpp */,
			);
			path = "Assig07-Prog03";
			sourceTree = "<group>";
		};
		3623CAE928EE799E0010DD10 /* Assig07-Prog04 */ = {
			isa = PBXGroup;
			children = (
				3623CAEA28EE799E0010DD10 /* Assig07-Prog04.cpp */,
			);
			path = "Assig07-Prog04";
			sourceTree = "<group>";
		};
/* End PBXGroup section */

/* Begin PBXNativeTarget section */
		3623CAC328EE5B6E0010DD10 /* Assignment07 */ = {
			isa = PBXNativeTarget;
			buildConfigurationList = 3623CACB28EE5B6E0010DD10 /* Build configuration list for PBXNativeTarget "Assignment07" */;
			buildPhases = (
				3623CAC028EE5B6E0010DD10 /* Sources */,
				3623CAC128EE5B6E0010DD10 /* Frameworks */,
				3623CAC228EE5B6E0010DD10 /* CopyFiles */,
			);
			buildRules = (
			);
			dependencies = (
			);
			name = Assignment07;
			productName = Assignment07;
			productReference = 3623CAC428EE5B6E0010DD10 /* Assignment07 */;
			productType = "com.apple.product-type.tool";
		};
		3623CAD128EE62770010DD10 /* Assign07-Prog02 */ = {
			isa = PBXNativeTarget;
			buildConfigurationList = 3623CAD628EE62770010DD10 /* Build configuration list for PBXNativeTarget "Assign07-Prog02" */;
			buildPhases = (
				3623CACE28EE62770010DD10 /* Sources */,
				3623CACF28EE62770010DD10 /* Frameworks */,
				3623CAD028EE62770010DD10 /* CopyFiles */,
			);
			buildRules = (
			);
			dependencies = (
			);
			name = "Assign07-Prog02";
			productName = "Assign07-Prog02";
			productReference = 3623CAD228EE62770010DD10 /* Assign07-Prog02 */;
			productType = "com.apple.product-type.tool";
		};
		3623CADC28EE6F400010DD10 /* Assig07-Prog03 */ = {
			isa = PBXNativeTarget;
			buildConfigurationList = 3623CAE128EE6F400010DD10 /* Build configuration list for PBXNativeTarget "Assig07-Prog03" */;
			buildPhases = (
				3623CAD928EE6F400010DD10 /* Sources */,
				3623CADA28EE6F400010DD10 /* Frameworks */,
				3623CADB28EE6F400010DD10 /* CopyFiles */,
			);
			buildRules = (
			);
			dependencies = (
			);
			name = "Assig07-Prog03";
			productName = "Assig07-Prog03";
			productReference = 3623CADD28EE6F400010DD10 /* Assig07-Prog03 */;
			productType = "com.apple.product-type.tool";
		};
		3623CAE728EE799E0010DD10 /* Assig07-Prog04 */ = {
			isa = PBXNativeTarget;
			buildConfigurationList = 3623CAEC28EE799E0010DD10 /* Build configuration list for PBXNativeTarget "Assig07-Prog04" */;
			buildPhases = (
				3623CAE428EE799E0010DD10 /* Sources */,
				3623CAE528EE799E0010DD10 /* Frameworks */,
				3623CAE628EE799E0010DD10 /* CopyFiles */,
			);
			buildRules = (
			);
			dependencies = (
			);
			name = "Assig07-Prog04";
			productName = "Assig07-Prog04";
			productReference = 3623CAE828EE799E0010DD10 /* Assig07-Prog04 */;
			productType = "com.apple.product-type.tool";
		};
/* End PBXNativeTarget section */

/* Begin PBXProject section */
		3623CABC28EE5B6E0010DD10 /* Project object */ = {
			isa = PBXProject;
			attributes = {
				BuildIndependentTargetsInParallel = 1;
				LastUpgradeCheck = 1340;
				TargetAttributes = {
					3623CAC328EE5B6E0010DD10 = {
						CreatedOnToolsVersion = 13.4.1;
					};
					3623CAD128EE62770010DD10 = {
						CreatedOnToolsVersion = 13.4.1;
					};
					3623CADC28EE6F400010DD10 = {
						CreatedOnToolsVersion = 13.4.1;
					};
					3623CAE728EE799E0010DD10 = {
						CreatedOnToolsVersion = 13.4.1;
					};
				};
			};
			buildConfigurationList = 3623CABF28EE5B6E0010DD10 /* Build configuration list for PBXProject "Assignment07" */;
			compatibilityVersion = "Xcode 13.0";
			developmentRegion = en;
			hasScannedForEncodings = 0;
			knownRegions = (
				en,
				Base,
			);
			mainGroup = 3623CABB28EE5B6E0010DD10;
			productRefGroup = 3623CAC528EE5B6E0010DD10 /* Products */;
			projectDirPath = "";
			projectRoot = "";
			targets = (
				3623CAC328EE5B6E0010DD10 /* Assignment07 */,
				3623CAD128EE62770010DD10 /* Assign07-Prog02 */,
				3623CADC28EE6F400010DD10 /* Assig07-Prog03 */,
				3623CAE728EE799E0010DD10 /* Assig07-Prog04 */,
			);
		};
/* End PBXProject section */

/* Begin PBXSourcesBuildPhase section */
		3623CAC028EE5B6E0010DD10 /* Sources */ = {
			isa = PBXSourcesBuildPhase;
			buildActionMask = 2147483647;
			files = (
				3623CAC828EE5B6E0010DD10 /* Assig07-Prog01.cpp in Sources */,
			);
			runOnlyForDeploymentPostprocessing = 0;
		};
		3623CACE28EE62770010DD10 /* Sources */ = {
			isa = PBXSourcesBuildPhase;
			buildActionMask = 2147483647;
			files = (
				3623CAD528EE62770010DD10 /* Assign07-Prog02.cpp in Sources */,
			);
			runOnlyForDeploymentPostprocessing = 0;
		};
		3623CAD928EE6F400010DD10 /* Sources */ = {
			isa = PBXSourcesBuildPhase;
			buildActionMask = 2147483647;
			files = (
				3623CAE028EE6F400010DD10 /* Assig07-Prog03.cpp in Sources */,
			);
			runOnlyForDeploymentPostprocessing = 0;
		};
		3623CAE428EE799E0010DD10 /* Sources */ = {
			isa = PBXSourcesBuildPhase;
			buildActionMask = 2147483647;
			files = (
				3623CAEB28EE799E0010DD10 /* Assig07-Prog04.cpp in Sources */,
			);
			runOnlyForDeploymentPostprocessing = 0;
		};
/* End PBXSourcesBuildPhase section */

/* Begin XCBuildConfiguration section */
		3623CAC928EE5B6E0010DD10 /* Debug */ = {
			isa = XCBuildConfiguration;
			buildSettings = {
				ALWAYS_SEARCH_USER_PATHS = NO;
				CLANG_ANALYZER_NONNULL = YES;
				CLANG_ANALYZER_NUMBER_OBJECT_CONVERSION = YES_AGGRESSIVE;
				CLANG_CXX_LANGUAGE_STANDARD = "gnu++17";
				CLANG_ENABLE_MODULES = YES;
				CLANG_ENABLE_OBJC_ARC = YES;
				CLANG_ENABLE_OBJC_WEAK = YES;
				CLANG_WARN_BLOCK_CAPTURE_AUTORELEASING = YES;
				CLANG_WARN_BOOL_CONVERSION = YES;
				CLANG_WARN_COMMA = YES;
				CLANG_WARN_CONSTANT_CONVERSION = YES;
				CLANG_WARN_DEPRECATED_OBJC_IMPLEMENTATIONS = YES;
				CLANG_WARN_DIRECT_OBJC_ISA_USAGE = YES_ERROR;
				CLANG_WARN_DOCUMENTATION_COMMENTS = YES;
				CLANG_WARN_EMPTY_BODY = YES;
				CLANG_WARN_ENUM_CONVERSION = YES;
				CLANG_WARN_INFINITE_RECURSION = YES;
				CLANG_WARN_INT_CONVERSION = YES;
				CLANG_WARN_NON_LITERAL_NULL_CONVERSION = YES;
				CLANG_WARN_OBJC_IMPLICIT_RETAIN_SELF = YES;
				CLANG_WARN_OBJC_LITERAL_CONVERSION = YES;
				CLANG_WARN_OBJC_ROOT_CLASS = YES_ERROR;
				CLANG_WARN_QUOTED_INCLUDE_IN_FRAMEWORK_HEADER = YES;
				CLANG_WARN_RANGE_LOOP_ANALYSIS = YES;
				CLANG_WARN_STRICT_PROTOTYPES = YES;
				CLANG_WARN_SUSPICIOUS_MOVE = YES;
				CLANG_WARN_UNGUARDED_AVAILABILITY = YES_AGGRESSIVE;
				CLANG_WARN_UNREACHABLE_CODE = YES;
				CLANG_WARN__DUPLICATE_METHOD_MATCH = YES;
				COPY_PHASE_STRIP = NO;
				DEBUG_INFORMATION_FORMAT = dwarf;
				ENABLE_STRICT_OBJC_MSGSEND = YES;
				ENABLE_TESTABILITY = YES;
				GCC_C_LANGUAGE_STANDARD = gnu11;
				GCC_DYNAMIC_NO_PIC = NO;
				GCC_NO_COMMON_BLOCKS = YES;
				GCC_OPTIMIZATION_LEVEL = 0;
				GCC_PREPROCESSOR_DEFINITIONS = (
					"DEBUG=1",
					"$(inherited)",
				);
				GCC_WARN_64_TO_32_BIT_CONVERSION = YES;
				GCC_WARN_ABOUT_RETURN_TYPE = YES_ERROR;
				GCC_WARN_UNDECLARED_SELECTOR = YES;
				GCC_WARN_UNINITIALIZED_AUTOS = YES_AGGRESSIVE;
				GCC_WARN_UNUSED_FUNCTION = YES;
				GCC_WARN_UNUSED_VARIABLE = YES;
				MACOSX_DEPLOYMENT_TARGET = 12.3;
				MTL_ENABLE_DEBUG_INFO = INCLUDE_SOURCE;
				MTL_FAST_MATH = YES;
				ONLY_ACTIVE_ARCH = YES;
				SDKROOT = macosx;
			};
			name = Debug;
		};
		3623CACA28EE5B6E0010DD10 /* Release */ = {
			isa = XCBuildConfiguration;
			buildSettings = {
				ALWAYS_SEARCH_USER_PATHS = NO;
				CLANG_ANALYZER_NONNULL = YES;
				CLANG_ANALYZER_NUMBER_OBJECT_CONVERSION = YES_AGGRESSIVE;
				CLANG_CXX_LANGUAGE_STANDARD = "gnu++17";
				CLANG_ENABLE_MODULES = YES;
				CLANG_ENABLE_OBJC_ARC = YES;
				CLANG_ENABLE_OBJC_WEAK = YES;
				CLANG_WARN_BLOCK_CAPTURE_AUTORELEASING = YES;
				CLANG_WARN_BOOL_CONVERSION = YES;
				CLANG_WARN_COMMA = YES;
				CLANG_WARN_CONSTANT_CONVERSION = YES;
				CLANG_WARN_DEPRECATED_OBJC_IMPLEMENTATIONS = YES;
				CLANG_WARN_DIRECT_OBJC_ISA_USAGE = YES_ERROR;
				CLANG_WARN_DOCUMENTATION_COMMENTS = YES;
				CLANG_WARN_EMPTY_BODY = YES;
				CLANG_WARN_ENUM_CONVERSION = YES;
				CLANG_WARN_INFINITE_RECURSION = YES;
				CLANG_WARN_INT_CONVERSION = YES;
				CLANG_WARN_NON_LITERAL_NULL_CONVERSION = YES;
				CLANG_WARN_OBJC_IMPLICIT_RETAIN_SELF = YES;
				CLANG_WARN_OBJC_LITERAL_CONVERSION = YES;
				CLANG_WARN_OBJC_ROOT_CLASS = YES_ERROR;
				CLANG_WARN_QUOTED_INCLUDE_IN_FRAMEWORK_HEADER = YES;
				CLANG_WARN_RANGE_LOOP_ANALYSIS = YES;
				CLANG_WARN_STRICT_PROTOTYPES = YES;
				CLANG_WARN_SUSPICIOUS_MOVE = YES;
				CLANG_WARN_UNGUARDED_AVAILABILITY = YES_AGGRESSIVE;
				CLANG_WARN_UNREACHABLE_CODE = YES;
				CLANG_WARN__DUPLICATE_METHOD_MATCH = YES;
				COPY_PHASE_STRIP = NO;
				DEBUG_INFORMATION_FORMAT = "dwarf-with-dsym";
				ENABLE_NS_ASSERTIONS = NO;
				ENABLE_STRICT_OBJC_MSGSEND = YES;
				GCC_C_LANGUAGE_STANDARD = gnu11;
				GCC_NO_COMMON_BLOCKS = YES;
				GCC_WARN_64_TO_32_BIT_CONVERSION = YES;
				GCC_WARN_ABOUT_RETURN_TYPE = YES_ERROR;
				GCC_WARN_UNDECLARED_SELECTOR = YES;
				GCC_WARN_UNINITIALIZED_AUTOS = YES_AGGRESSIVE;
				GCC_WARN_UNUSED_FUNCTION = YES;
				GCC_WARN_UNUSED_VARIABLE = YES;
				MACOSX_DEPLOYMENT_TARGET = 12.3;
				MTL_ENABLE_DEBUG_INFO = NO;
				MTL_FAST_MATH = YES;
				SDKROOT = macosx;
			};
			name = Release;
		};
		3623CACC28EE5B6E0010DD10 /* Debug */ = {
			isa = XCBuildConfiguration;
			buildSettings = {
				CODE_SIGN_STYLE = Automatic;
				PRODUCT_NAME = "$(TARGET_NAME)";
			};
			name = Debug;
		};
		3623CACD28EE5B6E0010DD10 /* Release */ = {
			isa = XCBuildConfiguration;
			buildSettings = {
				CODE_SIGN_STYLE = Automatic;
				PRODUCT_NAME = "$(TARGET_NAME)";
			};
			name = Release;
		};
		3623CAD728EE62770010DD10 /* Debug */ = {
			isa = XCBuildConfiguration;
			buildSettings = {
				CODE_SIGN_STYLE = Automatic;
				PRODUCT_NAME = "$(TARGET_NAME)";
			};
			name = Debug;
		};
		3623CAD828EE62770010DD10 /* Release */ = {
			isa = XCBuildConfiguration;
			buildSettings = {
				CODE_SIGN_STYLE = Automatic;
				PRODUCT_NAME = "$(TARGET_NAME)";
			};
			name = Release;
		};
		3623CAE228EE6F400010DD10 /* Debug */ = {
			isa = XCBuildConfiguration;
			buildSettings = {
				CODE_SIGN_STYLE = Automatic;
				PRODUCT_NAME = "$(TARGET_NAME)";
			};
			name = Debug;
		};
		3623CAE328EE6F400010DD10 /* Release */ = {
			isa = XCBuildConfiguration;
			buildSettings = {
				CODE_SIGN_STYLE = Automatic;
				PRODUCT_NAME = "$(TARGET_NAME)";
			};
			name = Release;
		};
		3623CAED28EE799E0010DD10 /* Debug */ = {
			isa = XCBuildConfiguration;
			buildSettings = {
				CODE_SIGN_STYLE = Automatic;
				PRODUCT_NAME = "$(TARGET_NAME)";
			};
			name = Debug;
		};
		3623CAEE28EE799E0010DD10 /* Release */ = {
			isa = XCBuildConfiguration;
			buildSettings = {
				CODE_SIGN_STYLE = Automatic;
				PRODUCT_NAME = "$(TARGET_NAME)";
			};
			name = Release;
		};
/* End XCBuildConfiguration section */

/* Begin XCConfigurationList section */
		3623CABF28EE5B6E0010DD10 /* Build configuration list for PBXProject "Assignment07" */ = {
			isa = XCConfigurationList;
			buildConfigurations = (
				3623CAC928EE5B6E0010DD10 /* Debug */,
				3623CACA28EE5B6E0010DD10 /* Release */,
			);
			defaultConfigurationIsVisible = 0;
			defaultConfigurationName = Release;
		};
		3623CACB28EE5B6E0010DD10 /* Build configuration list for PBXNativeTarget "Assignment07" */ = {
			isa = XCConfigurationList;
			buildConfigurations = (
				3623CACC28EE5B6E0010DD10 /* Debug */,
				3623CACD28EE5B6E0010DD10 /* Release */,
			);
			defaultConfigurationIsVisible = 0;
			defaultConfigurationName = Release;
		};
		3623CAD628EE62770010DD10 /* Build configuration list for PBXNativeTarget "Assign07-Prog02" */ = {
			isa = XCConfigurationList;
			buildConfigurations = (
				3623CAD728EE62770010DD10 /* Debug */,
				3623CAD828EE62770010DD10 /* Release */,
			);
			defaultConfigurationIsVisible = 0;
			defaultConfigurationName = Release;
		};
		3623CAE128EE6F400010DD10 /* Build configuration list for PBXNativeTarget "Assig07-Prog03" */ = {
			isa = XCConfigurationList;
			buildConfigurations = (
				3623CAE228EE6F400010DD10 /* Debug */,
				3623CAE328EE6F400010DD10 /* Release */,
			);
			defaultConfigurationIsVisible = 0;
			defaultConfigurationName = Release;
		};
		3623CAEC28EE799E0010DD10 /* Build configuration list for PBXNativeTarget "Assig07-Prog04" */ = {
			isa = XCConfigurationList;
			buildConfigurations = (
				3623CAED28EE799E0010DD10 /* Debug */,
				3623CAEE28EE799E0010DD10 /* Release */,
			);
			defaultConfigurationIsVisible = 0;
			defaultConfigurationName = Release;
		};
/* End XCConfigurationList section */
	};
	rootObject = 3623CABC28EE5B6E0010DD10 /* Project object */;
}
